# This file is automatically @generated by rv.
# It is not intended for manual editing.
version = 2
r_version = "4.5"

[[packages]]
name = "R6"
version = "2.6.1"
source = { repository = "https://packagemanager.posit.co/cran/__linux__/noble/2025-07-15" }
force_source = false
dependencies = []

[[packages]]
name = "rv.git.pkgA"
version = "0.0.5"
source = { git = "https://github.com/A2-ai/rv.git.pkgA", sha = "cbc24e97b857305558ad5a4769086922812627cc", tag = "v0.0.6" }
force_source = true
dependencies = []
