{
  "R": {
    "Version": "4.4.1",
    "Repositories": [
      {
        "Name": "RSPM",
        "URL": "https://packagemanager.posit.co/cran/2024-12-04"
      }
    ]
  },
  "Packages": {
    "BH": {
      "Package": "BH",
      "Version": "1.84.0-0",
      "Source": "Repository",
      "Repository": "RSPM",
      "Hash": "a8235afbcd6316e6e91433ea47661013"
    },
    "DBI": {
      "Package": "DBI",
      "Version": "1.2.3",
      "Source": "Repository",
      "Repository": "RSPM",
      "Requirements": [
        "R",
        "methods"
      ],
      "Hash": "065ae649b05f1ff66bb0c793107508f5"
    }
  }
}