# This file is automatically @generated by rv.
# It is not intended for manual editing.
version = 2
r_version = "4.5"

[[packages]]
name = "MASS"
version = "7.3-65"
source = { builtin = true }
force_source = false
dependencies = []

[[packages]]
name = "Matrix"
version = "1.7-4"
source = { builtin = true }
force_source = false
dependencies = [
    "lattice",
]

[[packages]]
name = "R6"
version = "2.5.1"
source = { repository = "https://packagemanager.posit.co/cran/2025-01-01" }
force_source = false
dependencies = []

[[packages]]
name = "RColorBrewer"
version = "1.1-3"
source = { repository = "https://packagemanager.posit.co/cran/2025-01-01" }
force_source = false
dependencies = []

[[packages]]
name = "cli"
version = "3.6.3"
source = { repository = "https://packagemanager.posit.co/cran/2025-01-01" }
force_source = false
dependencies = []

[[packages]]
name = "colorspace"
version = "2.1-1"
source = { repository = "https://packagemanager.posit.co/cran/2025-01-01" }
force_source = false
dependencies = []

[[packages]]
name = "fansi"
version = "1.0.6"
source = { repository = "https://packagemanager.posit.co/cran/2025-01-01" }
force_source = false
dependencies = []

[[packages]]
name = "farver"
version = "2.1.2"
source = { repository = "https://packagemanager.posit.co/cran/2025-01-01" }
force_source = false
dependencies = []

[[packages]]
name = "ggplot2"
version = "3.5.1"
source = { repository = "https://packagemanager.posit.co/cran/2025-01-01" }
force_source = false
dependencies = [
    "cli",
    "glue",
    { name = "gtable", requirement = "(>= 0.1.1)" },
    "isoband",
    { name = "lifecycle", requirement = "(> 1.0.1)" },
    "MASS",
    "mgcv",
    { name = "rlang", requirement = "(>= 1.1.0)" },
    { name = "scales", requirement = "(>= 1.3.0)" },
    "tibble",
    { name = "vctrs", requirement = "(>= 0.6.0)" },
    { name = "withr", requirement = "(>= 2.5.0)" },
]

[[packages]]
name = "glue"
version = "1.8.0"
source = { repository = "https://packagemanager.posit.co/cran/2025-01-01" }
force_source = false
dependencies = []

[[packages]]
name = "gtable"
version = "0.3.6"
source = { repository = "https://packagemanager.posit.co/cran/2025-01-01" }
force_source = false
dependencies = [
    "cli",
    "glue",
    "lifecycle",
    { name = "rlang", requirement = "(>= 1.1.0)" },
]

[[packages]]
name = "isoband"
version = "0.2.7"
source = { repository = "https://packagemanager.posit.co/cran/2025-01-01" }
force_source = false
dependencies = []

[[packages]]
name = "labeling"
version = "0.4.3"
source = { repository = "https://packagemanager.posit.co/cran/2025-01-01" }
force_source = false
dependencies = []

[[packages]]
name = "lattice"
version = "0.22-7"
source = { builtin = true }
force_source = false
dependencies = []

[[packages]]
name = "lifecycle"
version = "1.0.4"
source = { repository = "https://packagemanager.posit.co/cran/2025-01-01" }
force_source = false
dependencies = [
    { name = "cli", requirement = "(>= 3.4.0)" },
    "glue",
    { name = "rlang", requirement = "(>= 1.1.0)" },
]

[[packages]]
name = "magrittr"
version = "2.0.3"
source = { repository = "https://packagemanager.posit.co/cran/2025-01-01" }
force_source = false
dependencies = []

[[packages]]
name = "mgcv"
version = "1.9-3"
source = { builtin = true }
force_source = false
dependencies = [
    { name = "nlme", requirement = "(>= 3.1-64)" },
    "Matrix",
]

[[packages]]
name = "munsell"
version = "0.5.1"
source = { repository = "https://packagemanager.posit.co/cran/2025-01-01" }
force_source = false
dependencies = [
    "colorspace",
]

[[packages]]
name = "nlme"
version = "3.1-168"
source = { builtin = true }
force_source = false
dependencies = [
    "lattice",
]

[[packages]]
name = "pillar"
version = "1.10.0"
source = { repository = "https://packagemanager.posit.co/cran/2025-01-01" }
force_source = false
dependencies = [
    { name = "cli", requirement = "(>= 2.3.0)" },
    "glue",
    "lifecycle",
    { name = "rlang", requirement = "(>= 1.0.2)" },
    { name = "utf8", requirement = "(>= 1.1.0)" },
    { name = "vctrs", requirement = "(>= 0.5.0)" },
]

[[packages]]
name = "pkgconfig"
version = "2.0.3"
source = { repository = "https://packagemanager.posit.co/cran/2025-01-01" }
force_source = false
dependencies = []

[[packages]]
name = "rlang"
version = "1.1.4"
source = { repository = "https://packagemanager.posit.co/cran/2025-01-01" }
force_source = false
dependencies = []

[[packages]]
name = "scales"
version = "1.3.0"
source = { repository = "https://packagemanager.posit.co/cran/2025-01-01" }
force_source = false
dependencies = [
    "cli",
    { name = "farver", requirement = "(>= 2.0.3)" },
    "glue",
    "labeling",
    "lifecycle",
    { name = "munsell", requirement = "(>= 0.5)" },
    "R6",
    "RColorBrewer",
    { name = "rlang", requirement = "(>= 1.0.0)" },
    "viridisLite",
]

[[packages]]
name = "tibble"
version = "3.2.1"
source = { repository = "https://packagemanager.posit.co/cran/2025-01-01" }
force_source = false
dependencies = [
    { name = "fansi", requirement = "(>= 0.4.0)" },
    { name = "lifecycle", requirement = "(>= 1.0.0)" },
    "magrittr",
    { name = "pillar", requirement = "(>= 1.8.1)" },
    "pkgconfig",
    { name = "rlang", requirement = "(>= 1.0.2)" },
    { name = "vctrs", requirement = "(>= 0.4.2)" },
]

[[packages]]
name = "utf8"
version = "1.2.4"
source = { repository = "https://packagemanager.posit.co/cran/2025-01-01" }
force_source = false
dependencies = []

[[packages]]
name = "vctrs"
version = "0.6.5"
source = { repository = "https://packagemanager.posit.co/cran/2025-01-01" }
force_source = false
dependencies = [
    { name = "cli", requirement = "(>= 3.4.0)" },
    "glue",
    { name = "lifecycle", requirement = "(>= 1.0.3)" },
    { name = "rlang", requirement = "(>= 1.1.0)" },
]

[[packages]]
name = "viridisLite"
version = "0.4.2"
source = { repository = "https://packagemanager.posit.co/cran/2025-01-01" }
force_source = false
dependencies = []

[[packages]]
name = "withr"
version = "3.0.2"
source = { repository = "https://packagemanager.posit.co/cran/2025-01-01" }
force_source = false
dependencies = []
