# This file is automatically @generated by rv.
# It is not intended for manual editing.
version = 1
r_version = "4.4"

[[packages]]
name = "R6"
version = "2.5.1"
source = { repository = "https://packagemanager.posit.co/cran/2024-10-06" }
force_source = false
dependencies = []

[[packages]]
name = "Rcpp"
version = "1.0.13"
source = { repository = "https://packagemanager.posit.co/cran/2024-10-06" }
force_source = false
dependencies = []

[[packages]]
name = "cli"
version = "3.6.3"
source = { repository = "https://packagemanager.posit.co/cran/2024-10-06" }
force_source = false
dependencies = []

[[packages]]
name = "fastmap"
version = "1.2.0"
source = { repository = "https://packagemanager.posit.co/cran/2024-10-06" }
force_source = false
dependencies = []

[[packages]]
name = "fs"
version = "1.6.4"
source = { repository = "https://packagemanager.posit.co/cran/2024-10-06" }
force_source = false
dependencies = []

[[packages]]
name = "ghqc"
version = "0.3.6"
source = { repository = "https://a2-ai.r-universe.dev", git = "https://github.com/a2-ai/ghqc", sha = "30e39808c158d5d03e65b3e2f0511f8af6f0548b" }
force_source = false
dependencies = [
    "httpuv",
    "rstudioapi",
    "withr",
    "glue",
    "rlang",
    "cli",
    "fs",
    "yaml",
]

[[packages]]
name = "glue"
version = "1.8.0"
source = { repository = "https://packagemanager.posit.co/cran/2024-10-06" }
force_source = false
dependencies = []

[[packages]]
name = "httpuv"
version = "1.6.15"
source = { repository = "https://packagemanager.posit.co/cran/2024-10-06" }
force_source = false
dependencies = [
    "later",
    "promises",
    "R6",
    "Rcpp",
    "later",
    "Rcpp",
]

[[packages]]
name = "later"
version = "1.3.2"
source = { repository = "https://packagemanager.posit.co/cran/2024-10-06" }
force_source = false
dependencies = [
    "Rcpp",
    "rlang",
    "Rcpp",
]

[[packages]]
name = "magrittr"
version = "2.0.3"
source = { repository = "https://packagemanager.posit.co/cran/2024-10-06" }
force_source = false
dependencies = []

[[packages]]
name = "promises"
version = "1.3.0"
source = { repository = "https://packagemanager.posit.co/cran/2024-10-06" }
force_source = false
dependencies = [
    "fastmap",
    "later",
    "magrittr",
    "R6",
    "Rcpp",
    "rlang",
    "later",
    "Rcpp",
]

[[packages]]
name = "rlang"
version = "1.1.4"
source = { repository = "https://packagemanager.posit.co/cran/2024-10-06" }
force_source = false
dependencies = []

[[packages]]
name = "rstudioapi"
version = "0.16.0"
source = { repository = "https://packagemanager.posit.co/cran/2024-10-06" }
force_source = false
dependencies = []

[[packages]]
name = "withr"
version = "3.0.1"
source = { repository = "https://packagemanager.posit.co/cran/2024-10-06" }
force_source = false
dependencies = []

[[packages]]
name = "yaml"
version = "2.3.10"
source = { repository = "https://packagemanager.posit.co/cran/2024-10-06" }
force_source = false
dependencies = []
