{
  "R": {
    "Version": "4.4.1",
    "Repositories": [
      {
        "Name": "slurmtools",
        "URL": "https://a2-ai.github.io/gh-pkg-mirror/slurmtools"
      },
      {
        "Name": "RSPM",
        "URL": "https://packagemanager.posit.co/cran/2024-12-04"
      }
    ]
  },
  "Packages": {
    "Matrix": {
      "Package": "Matrix",
      "Version": "1.7-0",
      "Source": "Repository",
      "Repository": "CRAN",
      "Requirements": [
        "R",
        "grDevices",
        "graphics",
        "grid",
        "lattice",
        "methods",
        "stats",
        "utils"
      ],
      "Hash": "1920b2f11133b12350024297d8a4ff4a"
    },
    "R6": {
      "Package": "R6",
      "Version": "2.5.1",
      "Source": "Repository",
      "Repository": "RSPM",
      "Requirements": [
        "R"
      ],
      "Hash": "470851b6d5d0ac559e9d01bb352b4021"
    },
    "ghqc": {
      "Package": "ghqc",
      "Version": "0.3.2",
      "Source": "GitHub",
      "RemoteType": "github",
      "RemoteHost": "api.github.com",
      "RemoteRepo": "ghqc",
      "RemoteUsername": "a2-ai",
      "RemoteSha": "55c23eb6a444542dab742d3d37c7b65af7b12e38",
      "Requirements": [
        "R",
        "cli",
        "fs",
        "glue",
        "httpuv",
        "rlang",
        "rstudioapi",
        "withr",
        "yaml"
      ],
      "Hash": "dcba3cb6539ee3cfce6218049c5016cc"
    },
    "rv.git.pkgA": {
      "Package": "rv.git.pkgA",
      "Version": "0.0.0.9000",
      "Source": "Local",
      "RemoteType": "local",
      "RemoteUrl": "src/tests/renv/rv.git.pkgA_0.0.0.9000.tar.gz",
      "Hash": "39e317a9ec5437bd5ce021ad56da04b6"
    },
    "slurmtools": {
      "Package": "slurmtools",
      "Version": "0.1.2",
      "Source": "Repository",
      "Repository": "slurmtools",
      "Requirements": [
        "brio",
        "cli",
        "dplyr",
        "fs",
        "glue",
        "here",
        "hms",
        "jsonlite",
        "lifecycle",
        "processx",
        "purrr",
        "rlang",
        "stringi",
        "tibble",
        "utils",
        "whisker",
        "withr"
      ],
      "Hash": "f1e4f6bf3dcef58d3fe9865060f2a8b7"
    },
    "scicalc": {
      "Package": "scicalc",
      "Version": "0.0.0.9000.1725376529",
      "Source": "Repository",
      "Repository": "https://github.com/A2-ai/scicalc.git",
      "Requirements": [
        "arrow",
        "checkmate",
        "digest",
        "dplyr",
        "fs",
        "haven",
        "magrittr",
        "pzfx",
        "readr",
        "rlang",
        "stats",
        "stringr"
      ],
      "Hash": "b574c1bce8b11eec3b135f7c585a04c7"
    }
  }
}

